# Code generated by scarb DO NOT EDIT.
version = 1

[[package]]
name = "jediswap"
version = "0.1.0"
dependencies = [
 "jediswap_v2_core",
 "openzeppelin",
 "yas_core",
]

[[package]]
name = "jediswap_v2_core"
version = "0.0.1"
source = "git+https://github.com/jediswaplabs/JediSwap-v2-core.git?branch=5-bug-fixes#3ec200697bedd154cc105b008d5bf252379fb6e5"
dependencies = [
 "openzeppelin",
 "snforge_std",
 "yas_core",
]

[[package]]
name = "openzeppelin"
version = "0.8.0"
source = "git+https://github.com/OpenZeppelin/cairo-contracts.git?tag=v0.8.0#6ab91b5cf57d6a7d02f2d5c5abfc7b5712bc8e47"

[[package]]
name = "snforge_std"
version = "0.16.0"
source = "git+https://github.com/foundry-rs/starknet-foundry.git?tag=v0.16.0#f58e0ab42b6095b7d0cb841ede595aecbc9cb45d"

[[package]]
name = "yas_core"
version = "0.1.0"
source = "git+https://github.com/lambdaclass/yet-another-swap.git#f3ee03a3564a37698e9589f564ac63aa59dab283"
